// !$*UTF8*$!
{
	archiveVersion = 1;
	classes = {
	};
	objectVersion = 50;
	objects = {

/* Begin PBXBuildFile section */
		B8036EE0240314E0004D1833 /* ExampleView.swift in Sources */ = {isa = PBXBuildFile; fileRef = B8036EDF240314E0004D1833 /* ExampleView.swift */; };
		B82F748924000F0E004515CC /* SliderViewModel.swift in Sources */ = {isa = PBXBuildFile; fileRef = B82F748824000F0E004515CC /* SliderViewModel.swift */; };
		B8466CD523FAEABA00C2EE03 /* AppDelegate.swift in Sources */ = {isa = PBXBuildFile; fileRef = B8466CD423FAEABA00C2EE03 /* AppDelegate.swift */; };
		B8466CD723FAEABA00C2EE03 /* SceneDelegate.swift in Sources */ = {isa = PBXBuildFile; fileRef = B8466CD623FAEABA00C2EE03 /* SceneDelegate.swift */; };
		B8466CD923FAEABA00C2EE03 /* SliderView.swift in Sources */ = {isa = PBXBuildFile; fileRef = B8466CD823FAEABA00C2EE03 /* SliderView.swift */; };
		B8466CDB23FAEABB00C2EE03 /* Assets.xcassets in Resources */ = {isa = PBXBuildFile; fileRef = B8466CDA23FAEABB00C2EE03 /* Assets.xcassets */; };
		B8466CDE23FAEABB00C2EE03 /* Preview Assets.xcassets in Resources */ = {isa = PBXBuildFile; fileRef = B8466CDD23FAEABB00C2EE03 /* Preview Assets.xcassets */; };
		B8466CE123FAEABB00C2EE03 /* LaunchScreen.storyboard in Resources */ = {isa = PBXBuildFile; fileRef = B8466CDF23FAEABB00C2EE03 /* LaunchScreen.storyboard */; };
/* End PBXBuildFile section */

/* Begin PBXFileReference section */
		B8036EDF240314E0004D1833 /* ExampleView.swift */ = {isa = PBXFileReference; lastKnownFileType = sourcecode.swift; path = ExampleView.swift; sourceTree = "<group>"; };
		B82F748824000F0E004515CC /* SliderViewModel.swift */ = {isa = PBXFileReference; lastKnownFileType = sourcecode.swift; path = SliderViewModel.swift; sourceTree = "<group>"; };
		B8466CD123FAEABA00C2EE03 /* PriceFilter.app */ = {isa = PBXFileReference; explicitFileType = wrapper.application; includeInIndex = 0; path = PriceFilter.app; sourceTree = BUILT_PRODUCTS_DIR; };
		B8466CD423FAEABA00C2EE03 /* AppDelegate.swift */ = {isa = PBXFileReference; lastKnownFileType = sourcecode.swift; path = AppDelegate.swift; sourceTree = "<group>"; };
		B8466CD623FAEABA00C2EE03 /* SceneDelegate.swift */ = {isa = PBXFileReference; lastKnownFileType = sourcecode.swift; path = SceneDelegate.swift; sourceTree = "<group>"; };
		B8466CD823FAEABA00C2EE03 /* SliderView.swift */ = {isa = PBXFileReference; lastKnownFileType = sourcecode.swift; path = SliderView.swift; sourceTree = "<group>"; };
		B8466CDA23FAEABB00C2EE03 /* Assets.xcassets */ = {isa = PBXFileReference; lastKnownFileType = folder.assetcatalog; path = Assets.xcassets; sourceTree = "<group>"; };
		B8466CDD23FAEABB00C2EE03 /* Preview Assets.xcassets */ = {isa = PBXFileReference; lastKnownFileType = folder.assetcatalog; path = "Preview Assets.xcassets"; sourceTree = "<group>"; };
		B8466CE023FAEABB00C2EE03 /* Base */ = {isa = PBXFileReference; lastKnownFileType = file.storyboard; name = Base; path = Base.lproj/LaunchScreen.storyboard; sourceTree = "<group>"; };
		B8466CE223FAEABB00C2EE03 /* Info.plist */ = {isa = PBXFileReference; lastKnownFileType = text.plist.xml; path = Info.plist; sourceTree = "<group>"; };
/* End PBXFileReference section */

/* Begin PBXFrameworksBuildPhase section */
		B8466CCE23FAEABA00C2EE03 /* Frameworks */ = {
			isa = PBXFrameworksBuildPhase;
			buildActionMask = 2147483647;
			files = (
			);
			runOnlyForDeploymentPostprocessing = 0;
		};
/* End PBXFrameworksBuildPhase section */

/* Begin PBXGroup section */
		B8466CC823FAEAB900C2EE03 = {
			isa = PBXGroup;
			children = (
				B8466CD323FAEABA00C2EE03 /* PriceFilter */,
				B8466CD223FAEABA00C2EE03 /* Products */,
			);
			sourceTree = "<group>";
		};
		B8466CD223FAEABA00C2EE03 /* Products */ = {
			isa = PBXGroup;
			children = (
				B8466CD123FAEABA00C2EE03 /* PriceFilter.app */,
			);
			name = Products;
			sourceTree = "<group>";
		};
		B8466CD323FAEABA00C2EE03 /* PriceFilter */ = {
			isa = PBXGroup;
			children = (
				B8466CD423FAEABA00C2EE03 /* AppDelegate.swift */,
				B8466CDA23FAEABB00C2EE03 /* Assets.xcassets */,
				B8036EDF240314E0004D1833 /* ExampleView.swift */,
				B8466CE223FAEABB00C2EE03 /* Info.plist */,
				B8466CDF23FAEABB00C2EE03 /* LaunchScreen.storyboard */,
				B8466CDC23FAEABB00C2EE03 /* Preview Content */,
				B8466CD623FAEABA00C2EE03 /* SceneDelegate.swift */,
				B8466CD823FAEABA00C2EE03 /* SliderView.swift */,
				B82F748824000F0E004515CC /* SliderViewModel.swift */,
			);
			path = PriceFilter;
			sourceTree = "<group>";
		};
		B8466CDC23FAEABB00C2EE03 /* Preview Content */ = {
			isa = PBXGroup;
			children = (
				B8466CDD23FAEABB00C2EE03 /* Preview Assets.xcassets */,
			);
			path = "Preview Content";
			sourceTree = "<group>";
		};
/* End PBXGroup section */

/* Begin PBXNativeTarget section */
		B8466CD023FAEABA00C2EE03 /* PriceFilter */ = {
			isa = PBXNativeTarget;
			buildConfigurationList = B8466CE523FAEABB00C2EE03 /* Build configuration list for PBXNativeTarget "PriceFilter" */;
			buildPhases = (
				B8466CCD23FAEABA00C2EE03 /* Sources */,
				B8466CCE23FAEABA00C2EE03 /* Frameworks */,
				B8466CCF23FAEABA00C2EE03 /* Resources */,
			);
			buildRules = (
			);
			dependencies = (
			);
			name = PriceFilter;
			productName = PriceFilter;
			productReference = B8466CD123FAEABA00C2EE03 /* PriceFilter.app */;
			productType = "com.apple.product-type.application";
		};
/* End PBXNativeTarget section */

/* Begin PBXProject section */
		B8466CC923FAEAB900C2EE03 /* Project object */ = {
			isa = PBXProject;
			attributes = {
				LastSwiftUpdateCheck = 1130;
				LastUpgradeCheck = 1130;
				ORGANIZATIONNAME = "Roman Kyrylenko";
				TargetAttributes = {
					B8466CD023FAEABA00C2EE03 = {
						CreatedOnToolsVersion = 11.3.1;
					};
				};
			};
			buildConfigurationList = B8466CCC23FAEAB900C2EE03 /* Build configuration list for PBXProject "PriceFilter" */;
			compatibilityVersion = "Xcode 9.3";
			developmentRegion = en;
			hasScannedForEncodings = 0;
			knownRegions = (
				en,
				Base,
			);
			mainGroup = B8466CC823FAEAB900C2EE03;
			productRefGroup = B8466CD223FAEABA00C2EE03 /* Products */;
			projectDirPath = "";
			projectRoot = "";
			targets = (
				B8466CD023FAEABA00C2EE03 /* PriceFilter */,
			);
		};
/* End PBXProject section */

/* Begin PBXResourcesBuildPhase section */
		B8466CCF23FAEABA00C2EE03 /* Resources */ = {
			isa = PBXResourcesBuildPhase;
			buildActionMask = 2147483647;
			files = (
				B8466CE123FAEABB00C2EE03 /* LaunchScreen.storyboard in Resources */,
				B8466CDE23FAEABB00C2EE03 /* Preview Assets.xcassets in Resources */,
				B8466CDB23FAEABB00C2EE03 /* Assets.xcassets in Resources */,
			);
			runOnlyForDeploymentPostprocessing = 0;
		};
/* End PBXResourcesBuildPhase section */

/* Begin PBXSourcesBuildPhase section */
		B8466CCD23FAEABA00C2EE03 /* Sources */ = {
			isa = PBXSourcesBuildPhase;
			buildActionMask = 2147483647;
			files = (
				B8466CD523FAEABA00C2EE03 /* AppDelegate.swift in Sources */,
				B8466CD723FAEABA00C2EE03 /* SceneDelegate.swift in Sources */,
				B8466CD923FAEABA00C2EE03 /* SliderView.swift in Sources */,
				B82F748924000F0E004515CC /* SliderViewModel.swift in Sources */,
				B8036EE0240314E0004D1833 /* ExampleView.swift in Sources */,
			);
			runOnlyForDeploymentPostprocessing = 0;
		};
/* End PBXSourcesBuildPhase section */

/* Begin PBXVariantGroup section */
		B8466CDF23FAEABB00C2EE03 /* LaunchScreen.storyboard */ = {
			isa = PBXVariantGroup;
			children = (
				B8466CE023FAEABB00C2EE03 /* Base */,
			);
			name = LaunchScreen.storyboard;
			sourceTree = "<group>";
		};
/* End PBXVariantGroup section */

/* Begin XCBuildConfiguration section */
		B8466CE323FAEABB00C2EE03 /* Debug */ = {
			isa = XCBuildConfiguration;
			buildSettings = {
				ALWAYS_SEARCH_USER_PATHS = NO;
				CLANG_ANALYZER_NONNULL = YES;
				CLANG_ANALYZER_NUMBER_OBJECT_CONVERSION = YES_AGGRESSIVE;
				CLANG_CXX_LANGUAGE_STANDARD = "gnu++14";
				CLANG_CXX_LIBRARY = "libc++";
				CLANG_ENABLE_MODULES = YES;
				CLANG_ENABLE_OBJC_ARC = YES;
				CLANG_ENABLE_OBJC_WEAK = YES;
				CLANG_WARN_BLOCK_CAPTURE_AUTORELEASING = YES;
				CLANG_WARN_BOOL_CONVERSION = YES;
				CLANG_WARN_COMMA = YES;
				CLANG_WARN_CONSTANT_CONVERSION = YES;
				CLANG_WARN_DEPRECATED_OBJC_IMPLEMENTATIONS = YES;
				CLANG_WARN_DIRECT_OBJC_ISA_USAGE = YES_ERROR;
				CLANG_WARN_DOCUMENTATION_COMMENTS = YES;
				CLANG_WARN_EMPTY_BODY = YES;
				CLANG_WARN_ENUM_CONVERSION = YES;
				CLANG_WARN_INFINITE_RECURSION = YES;
				CLANG_WARN_INT_CONVERSION = YES;
				CLANG_WARN_NON_LITERAL_NULL_CONVERSION = YES;
				CLANG_WARN_OBJC_IMPLICIT_RETAIN_SELF = YES;
				CLANG_WARN_OBJC_LITERAL_CONVERSION = YES;
				CLANG_WARN_OBJC_ROOT_CLASS = YES_ERROR;
				CLANG_WARN_RANGE_LOOP_ANALYSIS = YES;
				CLANG_WARN_STRICT_PROTOTYPES = YES;
				CLANG_WARN_SUSPICIOUS_MOVE = YES;
				CLANG_WARN_UNGUARDED_AVAILABILITY = YES_AGGRESSIVE;
				CLANG_WARN_UNREACHABLE_CODE = YES;
				CLANG_WARN__DUPLICATE_METHOD_MATCH = YES;
				COPY_PHASE_STRIP = NO;
				DEBUG_INFORMATION_FORMAT = dwarf;
				ENABLE_STRICT_OBJC_MSGSEND = YES;
				ENABLE_TESTABILITY = YES;
				GCC_C_LANGUAGE_STANDARD = gnu11;
				GCC_DYNAMIC_NO_PIC = NO;
				GCC_NO_COMMON_BLOCKS = YES;
				GCC_OPTIMIZATION_LEVEL = 0;
				GCC_PREPROCESSOR_DEFINITIONS = (
					"DEBUG=1",
					"$(inherited)",
				);
				GCC_WARN_64_TO_32_BIT_CONVERSION = YES;
				GCC_WARN_ABOUT_RETURN_TYPE = YES_ERROR;
				GCC_WARN_UNDECLARED_SELECTOR = YES;
				GCC_WARN_UNINITIALIZED_AUTOS = YES_AGGRESSIVE;
				GCC_WARN_UNUSED_FUNCTION = YES;
				GCC_WARN_UNUSED_VARIABLE = YES;
				IPHONEOS_DEPLOYMENT_TARGET = 13.2;
				MTL_ENABLE_DEBUG_INFO = INCLUDE_SOURCE;
				MTL_FAST_MATH = YES;
				ONLY_ACTIVE_ARCH = YES;
				SDKROOT = iphoneos;
				SWIFT_ACTIVE_COMPILATION_CONDITIONS = DEBUG;
				SWIFT_OPTIMIZATION_LEVEL = "-Onone";
			};
			name = Debug;
		};
		B8466CE423FAEABB00C2EE03 /* Release */ = {
			isa = XCBuildConfiguration;
			buildSettings = {
				ALWAYS_SEARCH_USER_PATHS = NO;
				CLANG_ANALYZER_NONNULL = YES;
				CLANG_ANALYZER_NUMBER_OBJECT_CONVERSION = YES_AGGRESSIVE;
				CLANG_CXX_LANGUAGE_STANDARD = "gnu++14";
				CLANG_CXX_LIBRARY = "libc++";
				CLANG_ENABLE_MODULES = YES;
				CLANG_ENABLE_OBJC_ARC = YES;
				CLANG_ENABLE_OBJC_WEAK = YES;
				CLANG_WARN_BLOCK_CAPTURE_AUTORELEASING = YES;
				CLANG_WARN_BOOL_CONVERSION = YES;
				CLANG_WARN_COMMA = YES;
				CLANG_WARN_CONSTANT_CONVERSION = YES;
				CLANG_WARN_DEPRECATED_OBJC_IMPLEMENTATIONS = YES;
				CLANG_WARN_DIRECT_OBJC_ISA_USAGE = YES_ERROR;
				CLANG_WARN_DOCUMENTATION_COMMENTS = YES;
				CLANG_WARN_EMPTY_BODY = YES;
				CLANG_WARN_ENUM_CONVERSION = YES;
				CLANG_WARN_INFINITE_RECURSION = YES;
				CLANG_WARN_INT_CONVERSION = YES;
				CLANG_WARN_NON_LITERAL_NULL_CONVERSION = YES;
				CLANG_WARN_OBJC_IMPLICIT_RETAIN_SELF = YES;
				CLANG_WARN_OBJC_LITERAL_CONVERSION = YES;
				CLANG_WARN_OBJC_ROOT_CLASS = YES_ERROR;
				CLANG_WARN_RANGE_LOOP_ANALYSIS = YES;
				CLANG_WARN_STRICT_PROTOTYPES = YES;
				CLANG_WARN_SUSPICIOUS_MOVE = YES;
				CLANG_WARN_UNGUARDED_AVAILABILITY = YES_AGGRESSIVE;
				CLANG_WARN_UNREACHABLE_CODE = YES;
				CLANG_WARN__DUPLICATE_METHOD_MATCH = YES;
				COPY_PHASE_STRIP = NO;
				DEBUG_INFORMATION_FORMAT = "dwarf-with-dsym";
				ENABLE_NS_ASSERTIONS = NO;
				ENABLE_STRICT_OBJC_MSGSEND = YES;
				GCC_C_LANGUAGE_STANDARD = gnu11;
				GCC_NO_COMMON_BLOCKS = YES;
				GCC_WARN_64_TO_32_BIT_CONVERSION = YES;
				GCC_WARN_ABOUT_RETURN_TYPE = YES_ERROR;
				GCC_WARN_UNDECLARED_SELECTOR = YES;
				GCC_WARN_UNINITIALIZED_AUTOS = YES_AGGRESSIVE;
				GCC_WARN_UNUSED_FUNCTION = YES;
				GCC_WARN_UNUSED_VARIABLE = YES;
				IPHONEOS_DEPLOYMENT_TARGET = 13.2;
				MTL_ENABLE_DEBUG_INFO = NO;
				MTL_FAST_MATH = YES;
				SDKROOT = iphoneos;
				SWIFT_COMPILATION_MODE = wholemodule;
				SWIFT_OPTIMIZATION_LEVEL = "-O";
				VALIDATE_PRODUCT = YES;
			};
			name = Release;
		};
		B8466CE623FAEABB00C2EE03 /* Debug */ = {
			isa = XCBuildConfiguration;
			buildSettings = {
				ASSETCATALOG_COMPILER_APPICON_NAME = AppIcon;
				CODE_SIGN_STYLE = Automatic;
				DEVELOPMENT_ASSET_PATHS = "\"PriceFilter/Preview Content\"";
				DEVELOPMENT_TEAM = YDKT2YXVNA;
				ENABLE_PREVIEWS = YES;
				INFOPLIST_FILE = PriceFilter/Info.plist;
				LD_RUNPATH_SEARCH_PATHS = (
					"$(inherited)",
					"@executable_path/Frameworks",
				);
				PRODUCT_BUNDLE_IDENTIFIER = com.pr0ctopus.PriceFilter;
				PRODUCT_NAME = "$(TARGET_NAME)";
				SWIFT_VERSION = 5.0;
				TARGETED_DEVICE_FAMILY = "1,2";
			};
			name = Debug;
		};
		B8466CE723FAEABB00C2EE03 /* Release */ = {
			isa = XCBuildConfiguration;
			buildSettings = {
				ASSETCATALOG_COMPILER_APPICON_NAME = AppIcon;
				CODE_SIGN_STYLE = Automatic;
				DEVELOPMENT_ASSET_PATHS = "\"PriceFilter/Preview Content\"";
				DEVELOPMENT_TEAM = YDKT2YXVNA;
				ENABLE_PREVIEWS = YES;
				INFOPLIST_FILE = PriceFilter/Info.plist;
				LD_RUNPATH_SEARCH_PATHS = (
					"$(inherited)",
					"@executable_path/Frameworks",
				);
				PRODUCT_BUNDLE_IDENTIFIER = com.pr0ctopus.PriceFilter;
				PRODUCT_NAME = "$(TARGET_NAME)";
				SWIFT_VERSION = 5.0;
				TARGETED_DEVICE_FAMILY = "1,2";
			};
			name = Release;
		};
/* End XCBuildConfiguration section */

/* Begin XCConfigurationList section */
		B8466CCC23FAEAB900C2EE03 /* Build configuration list for PBXProject "PriceFilter" */ = {
			isa = XCConfigurationList;
			buildConfigurations = (
				B8466CE323FAEABB00C2EE03 /* Debug */,
				B8466CE423FAEABB00C2EE03 /* Release */,
			);
			defaultConfigurationIsVisible = 0;
			defaultConfigurationName = Release;
		};
		B8466CE523FAEABB00C2EE03 /* Build configuration list for PBXNativeTarget "PriceFilter" */ = {
			isa = XCConfigurationList;
			buildConfigurations = (
				B8466CE623FAEABB00C2EE03 /* Debug */,
				B8466CE723FAEABB00C2EE03 /* Release */,
			);
			defaultConfigurationIsVisible = 0;
			defaultConfigurationName = Release;
		};
/* End XCConfigurationList section */
	};
	rootObject = B8466CC923FAEAB900C2EE03 /* Project object */;
}
